// !$*UTF8*$!
{
	archiveVersion = 1;
	classes = {
	};
	objectVersion = 50;
	objects = {

/* Begin PBXBuildFile section */
		15DA86FC22A9E55C0053BB3D /* AppDelegate.swift in Sources */ = {isa = PBXBuildFile; fileRef = 15DA86FB22A9E55C0053BB3D /* AppDelegate.swift */; };
		15DA86FE22A9E55C0053BB3D /* ViewController.swift in Sources */ = {isa = PBXBuildFile; fileRef = 15DA86FD22A9E55C0053BB3D /* ViewController.swift */; };
		15DA870122A9E55C0053BB3D /* Main.storyboard in Resources */ = {isa = PBXBuildFile; fileRef = 15DA86FF22A9E55C0053BB3D /* Main.storyboard */; };
		15DA870322A9E5600053BB3D /* Assets.xcassets in Resources */ = {isa = PBXBuildFile; fileRef = 15DA870222A9E5600053BB3D /* Assets.xcassets */; };
		15DA870622A9E5600053BB3D /* LaunchScreen.storyboard in Resources */ = {isa = PBXBuildFile; fileRef = 15DA870422A9E5600053BB3D /* LaunchScreen.storyboard */; };
		15DA871122A9E5600053BB3D /* LocationTests.swift in Sources */ = {isa = PBXBuildFile; fileRef = 15DA871022A9E5600053BB3D /* LocationTests.swift */; };
		15DA871C22A9E5600053BB3D /* LocationUITests.swift in Sources */ = {isa = PBXBuildFile; fileRef = 15DA871B22A9E5600053BB3D /* LocationUITests.swift */; };
/* End PBXBuildFile section */

/* Begin PBXContainerItemProxy section */
		15DA870D22A9E5600053BB3D /* PBXContainerItemProxy */ = {
			isa = PBXContainerItemProxy;
			containerPortal = 15DA86F022A9E55C0053BB3D /* Project object */;
			proxyType = 1;
			remoteGlobalIDString = 15DA86F722A9E55C0053BB3D;
			remoteInfo = Location;
		};
		15DA871822A9E5600053BB3D /* PBXContainerItemProxy */ = {
			isa = PBXContainerItemProxy;
			containerPortal = 15DA86F022A9E55C0053BB3D /* Project object */;
			proxyType = 1;
			remoteGlobalIDString = 15DA86F722A9E55C0053BB3D;
			remoteInfo = Location;
		};
/* End PBXContainerItemProxy section */

/* Begin PBXFileReference section */
		15DA86F822A9E55C0053BB3D /* Location.app */ = {isa = PBXFileReference; explicitFileType = wrapper.application; includeInIndex = 0; path = Location.app; sourceTree = BUILT_PRODUCTS_DIR; };
		15DA86FB22A9E55C0053BB3D /* AppDelegate.swift */ = {isa = PBXFileReference; lastKnownFileType = sourcecode.swift; path = AppDelegate.swift; sourceTree = "<group>"; };
		15DA86FD22A9E55C0053BB3D /* ViewController.swift */ = {isa = PBXFileReference; lastKnownFileType = sourcecode.swift; path = ViewController.swift; sourceTree = "<group>"; };
		15DA870022A9E55C0053BB3D /* Base */ = {isa = PBXFileReference; lastKnownFileType = file.storyboard; name = Base; path = Base.lproj/Main.storyboard; sourceTree = "<group>"; };
		15DA870222A9E5600053BB3D /* Assets.xcassets */ = {isa = PBXFileReference; lastKnownFileType = folder.assetcatalog; path = Assets.xcassets; sourceTree = "<group>"; };
		15DA870522A9E5600053BB3D /* Base */ = {isa = PBXFileReference; lastKnownFileType = file.storyboard; name = Base; path = Base.lproj/LaunchScreen.storyboard; sourceTree = "<group>"; };
		15DA870722A9E5600053BB3D /* Info.plist */ = {isa = PBXFileReference; lastKnownFileType = text.plist.xml; path = Info.plist; sourceTree = "<group>"; };
		15DA870C22A9E5600053BB3D /* LocationTests.xctest */ = {isa = PBXFileReference; explicitFileType = wrapper.cfbundle; includeInIndex = 0; path = LocationTests.xctest; sourceTree = BUILT_PRODUCTS_DIR; };
		15DA871022A9E5600053BB3D /* LocationTests.swift */ = {isa = PBXFileReference; lastKnownFileType = sourcecode.swift; path = LocationTests.swift; sourceTree = "<group>"; };
		15DA871222A9E5600053BB3D /* Info.plist */ = {isa = PBXFileReference; lastKnownFileType = text.plist.xml; path = Info.plist; sourceTree = "<group>"; };
		15DA871722A9E5600053BB3D /* LocationUITests.xctest */ = {isa = PBXFileReference; explicitFileType = wrapper.cfbundle; includeInIndex = 0; path = LocationUITests.xctest; sourceTree = BUILT_PRODUCTS_DIR; };
		15DA871B22A9E5600053BB3D /* LocationUITests.swift */ = {isa = PBXFileReference; lastKnownFileType = sourcecode.swift; path = LocationUITests.swift; sourceTree = "<group>"; };
		15DA871D22A9E5600053BB3D /* Info.plist */ = {isa = PBXFileReference; lastKnownFileType = text.plist.xml; path = Info.plist; sourceTree = "<group>"; };
/* End PBXFileReference section */

/* Begin PBXFrameworksBuildPhase section */
		15DA86F522A9E55C0053BB3D /* Frameworks */ = {
			isa = PBXFrameworksBuildPhase;
			buildActionMask = 2147483647;
			files = (
			);
			runOnlyForDeploymentPostprocessing = 0;
		};
		15DA870922A9E5600053BB3D /* Frameworks */ = {
			isa = PBXFrameworksBuildPhase;
			buildActionMask = 2147483647;
			files = (
			);
			runOnlyForDeploymentPostprocessing = 0;
		};
		15DA871422A9E5600053BB3D /* Frameworks */ = {
			isa = PBXFrameworksBuildPhase;
			buildActionMask = 2147483647;
			files = (
			);
			runOnlyForDeploymentPostprocessing = 0;
		};
/* End PBXFrameworksBuildPhase section */

/* Begin PBXGroup section */
		15DA86EF22A9E55C0053BB3D = {
			isa = PBXGroup;
			children = (
				15DA86FA22A9E55C0053BB3D /* Location */,
				15DA870F22A9E5600053BB3D /* LocationTests */,
				15DA871A22A9E5600053BB3D /* LocationUITests */,
				15DA86F922A9E55C0053BB3D /* Products */,
			);
			sourceTree = "<group>";
		};
		15DA86F922A9E55C0053BB3D /* Products */ = {
			isa = PBXGroup;
			children = (
				15DA86F822A9E55C0053BB3D /* Location.app */,
				15DA870C22A9E5600053BB3D /* LocationTests.xctest */,
				15DA871722A9E5600053BB3D /* LocationUITests.xctest */,
			);
			name = Products;
			sourceTree = "<group>";
		};
		15DA86FA22A9E55C0053BB3D /* Location */ = {
			isa = PBXGroup;
			children = (
				15DA86FB22A9E55C0053BB3D /* AppDelegate.swift */,
				15DA86FD22A9E55C0053BB3D /* ViewController.swift */,
				15DA86FF22A9E55C0053BB3D /* Main.storyboard */,
				15DA870222A9E5600053BB3D /* Assets.xcassets */,
				15DA870422A9E5600053BB3D /* LaunchScreen.storyboard */,
				15DA870722A9E5600053BB3D /* Info.plist */,
			);
			path = Location;
			sourceTree = "<group>";
		};
		15DA870F22A9E5600053BB3D /* LocationTests */ = {
			isa = PBXGroup;
			children = (
				15DA871022A9E5600053BB3D /* LocationTests.swift */,
				15DA871222A9E5600053BB3D /* Info.plist */,
			);
			path = LocationTests;
			sourceTree = "<group>";
		};
		15DA871A22A9E5600053BB3D /* LocationUITests */ = {
			isa = PBXGroup;
			children = (
				15DA871B22A9E5600053BB3D /* LocationUITests.swift */,
				15DA871D22A9E5600053BB3D /* Info.plist */,
			);
			path = LocationUITests;
			sourceTree = "<group>";
		};
/* End PBXGroup section */

/* Begin PBXNativeTarget section */
		15DA86F722A9E55C0053BB3D /* Location */ = {
			isa = PBXNativeTarget;
			buildConfigurationList = 15DA872022A9E5600053BB3D /* Build configuration list for PBXNativeTarget "Location" */;
			buildPhases = (
				15DA86F422A9E55C0053BB3D /* Sources */,
				15DA86F522A9E55C0053BB3D /* Frameworks */,
				15DA86F622A9E55C0053BB3D /* Resources */,
			);
			buildRules = (
			);
			dependencies = (
			);
			name = Location;
			productName = Location;
			productReference = 15DA86F822A9E55C0053BB3D /* Location.app */;
			productType = "com.apple.product-type.application";
		};
		15DA870B22A9E5600053BB3D /* LocationTests */ = {
			isa = PBXNativeTarget;
			buildConfigurationList = 15DA872322A9E5600053BB3D /* Build configuration list for PBXNativeTarget "LocationTests" */;
			buildPhases = (
				15DA870822A9E5600053BB3D /* Sources */,
				15DA870922A9E5600053BB3D /* Frameworks */,
				15DA870A22A9E5600053BB3D /* Resources */,
			);
			buildRules = (
			);
			dependencies = (
				15DA870E22A9E5600053BB3D /* PBXTargetDependency */,
			);
			name = LocationTests;
			productName = LocationTests;
			productReference = 15DA870C22A9E5600053BB3D /* LocationTests.xctest */;
			productType = "com.apple.product-type.bundle.unit-test";
		};
		15DA871622A9E5600053BB3D /* LocationUITests */ = {
			isa = PBXNativeTarget;
			buildConfigurationList = 15DA872622A9E5600053BB3D /* Build configuration list for PBXNativeTarget "LocationUITests" */;
			buildPhases = (
				15DA871322A9E5600053BB3D /* Sources */,
				15DA871422A9E5600053BB3D /* Frameworks */,
				15DA871522A9E5600053BB3D /* Resources */,
			);
			buildRules = (
			);
			dependencies = (
				15DA871922A9E5600053BB3D /* PBXTargetDependency */,
			);
			name = LocationUITests;
			productName = LocationUITests;
			productReference = 15DA871722A9E5600053BB3D /* LocationUITests.xctest */;
			productType = "com.apple.product-type.bundle.ui-testing";
		};
/* End PBXNativeTarget section */

/* Begin PBXProject section */
		15DA86F022A9E55C0053BB3D /* Project object */ = {
			isa = PBXProject;
			attributes = {
				LastSwiftUpdateCheck = 1020;
				LastUpgradeCheck = 1020;
				ORGANIZATIONNAME = "Cooper Hull";
				TargetAttributes = {
					15DA86F722A9E55C0053BB3D = {
						CreatedOnToolsVersion = 10.2.1;
					};
					15DA870B22A9E5600053BB3D = {
						CreatedOnToolsVersion = 10.2.1;
						TestTargetID = 15DA86F722A9E55C0053BB3D;
					};
					15DA871622A9E5600053BB3D = {
						CreatedOnToolsVersion = 10.2.1;
						TestTargetID = 15DA86F722A9E55C0053BB3D;
					};
				};
			};
			buildConfigurationList = 15DA86F322A9E55C0053BB3D /* Build configuration list for PBXProject "Location" */;
			compatibilityVersion = "Xcode 9.3";
			developmentRegion = en;
			hasScannedForEncodings = 0;
			knownRegions = (
				en,
				Base,
			);
			mainGroup = 15DA86EF22A9E55C0053BB3D;
			productRefGroup = 15DA86F922A9E55C0053BB3D /* Products */;
			projectDirPath = "";
			projectRoot = "";
			targets = (
				15DA86F722A9E55C0053BB3D /* Location */,
				15DA870B22A9E5600053BB3D /* LocationTests */,
				15DA871622A9E5600053BB3D /* LocationUITests */,
			);
		};
/* End PBXProject section */

/* Begin PBXResourcesBuildPhase section */
		15DA86F622A9E55C0053BB3D /* Resources */ = {
			isa = PBXResourcesBuildPhase;
			buildActionMask = 2147483647;
			files = (
				15DA870622A9E5600053BB3D /* LaunchScreen.storyboard in Resources */,
				15DA870322A9E5600053BB3D /* Assets.xcassets in Resources */,
				15DA870122A9E55C0053BB3D /* Main.storyboard in Resources */,
			);
			runOnlyForDeploymentPostprocessing = 0;
		};
		15DA870A22A9E5600053BB3D /* Resources */ = {
			isa = PBXResourcesBuildPhase;
			buildActionMask = 2147483647;
			files = (
			);
			runOnlyForDeploymentPostprocessing = 0;
		};
		15DA871522A9E5600053BB3D /* Resources */ = {
			isa = PBXResourcesBuildPhase;
			buildActionMask = 2147483647;
			files = (
			);
			runOnlyForDeploymentPostprocessing = 0;
		};
/* End PBXResourcesBuildPhase section */

/* Begin PBXSourcesBuildPhase section */
		15DA86F422A9E55C0053BB3D /* Sources */ = {
			isa = PBXSourcesBuildPhase;
			buildActionMask = 2147483647;
			files = (
				15DA86FE22A9E55C0053BB3D /* ViewController.swift in Sources */,
				15DA86FC22A9E55C0053BB3D /* AppDelegate.swift in Sources */,
			);
			runOnlyForDeploymentPostprocessing = 0;
		};
		15DA870822A9E5600053BB3D /* Sources */ = {
			isa = PBXSourcesBuildPhase;
			buildActionMask = 2147483647;
			files = (
				15DA871122A9E5600053BB3D /* LocationTests.swift in Sources */,
			);
			runOnlyForDeploymentPostprocessing = 0;
		};
		15DA871322A9E5600053BB3D /* Sources */ = {
			isa = PBXSourcesBuildPhase;
			buildActionMask = 2147483647;
			files = (
				15DA871C22A9E5600053BB3D /* LocationUITests.swift in Sources */,
			);
			runOnlyForDeploymentPostprocessing = 0;
		};
/* End PBXSourcesBuildPhase section */

/* Begin PBXTargetDependency section */
		15DA870E22A9E5600053BB3D /* PBXTargetDependency */ = {
			isa = PBXTargetDependency;
			target = 15DA86F722A9E55C0053BB3D /* Location */;
			targetProxy = 15DA870D22A9E5600053BB3D /* PBXContainerItemProxy */;
		};
		15DA871922A9E5600053BB3D /* PBXTargetDependency */ = {
			isa = PBXTargetDependency;
			target = 15DA86F722A9E55C0053BB3D /* Location */;
			targetProxy = 15DA871822A9E5600053BB3D /* PBXContainerItemProxy */;
		};
/* End PBXTargetDependency section */

/* Begin PBXVariantGroup section */
		15DA86FF22A9E55C0053BB3D /* Main.storyboard */ = {
			isa = PBXVariantGroup;
			children = (
				15DA870022A9E55C0053BB3D /* Base */,
			);
			name = Main.storyboard;
			sourceTree = "<group>";
		};
		15DA870422A9E5600053BB3D /* LaunchScreen.storyboard */ = {
			isa = PBXVariantGroup;
			children = (
				15DA870522A9E5600053BB3D /* Base */,
			);
			name = LaunchScreen.storyboard;
			sourceTree = "<group>";
		};
/* End PBXVariantGroup section */

/* Begin XCBuildConfiguration section */
		15DA871E22A9E5600053BB3D /* Debug */ = {
			isa = XCBuildConfiguration;
			buildSettings = {
				ALWAYS_SEARCH_USER_PATHS = NO;
				CLANG_ANALYZER_NONNULL = YES;
				CLANG_ANALYZER_NUMBER_OBJECT_CONVERSION = YES_AGGRESSIVE;
				CLANG_CXX_LANGUAGE_STANDARD = "gnu++14";
				CLANG_CXX_LIBRARY = "libc++";
				CLANG_ENABLE_MODULES = YES;
				CLANG_ENABLE_OBJC_ARC = YES;
				CLANG_ENABLE_OBJC_WEAK = YES;
				CLANG_WARN_BLOCK_CAPTURE_AUTORELEASING = YES;
				CLANG_WARN_BOOL_CONVERSION = YES;
				CLANG_WARN_COMMA = YES;
				CLANG_WARN_CONSTANT_CONVERSION = YES;
				CLANG_WARN_DEPRECATED_OBJC_IMPLEMENTATIONS = YES;
				CLANG_WARN_DIRECT_OBJC_ISA_USAGE = YES_ERROR;
				CLANG_WARN_DOCUMENTATION_COMMENTS = YES;
				CLANG_WARN_EMPTY_BODY = YES;
				CLANG_WARN_ENUM_CONVERSION = YES;
				CLANG_WARN_INFINITE_RECURSION = YES;
				CLANG_WARN_INT_CONVERSION = YES;
				CLANG_WARN_NON_LITERAL_NULL_CONVERSION = YES;
				CLANG_WARN_OBJC_IMPLICIT_RETAIN_SELF = YES;
				CLANG_WARN_OBJC_LITERAL_CONVERSION = YES;
				CLANG_WARN_OBJC_ROOT_CLASS = YES_ERROR;
				CLANG_WARN_RANGE_LOOP_ANALYSIS = YES;
				CLANG_WARN_STRICT_PROTOTYPES = YES;
				CLANG_WARN_SUSPICIOUS_MOVE = YES;
				CLANG_WARN_UNGUARDED_AVAILABILITY = YES_AGGRESSIVE;
				CLANG_WARN_UNREACHABLE_CODE = YES;
				CLANG_WARN__DUPLICATE_METHOD_MATCH = YES;
				CODE_SIGN_IDENTITY = "iPhone Developer";
				COPY_PHASE_STRIP = NO;
				DEBUG_INFORMATION_FORMAT = dwarf;
				ENABLE_STRICT_OBJC_MSGSEND = YES;
				ENABLE_TESTABILITY = YES;
				GCC_C_LANGUAGE_STANDARD = gnu11;
				GCC_DYNAMIC_NO_PIC = NO;
				GCC_NO_COMMON_BLOCKS = YES;
				GCC_OPTIMIZATION_LEVEL = 0;
				GCC_PREPROCESSOR_DEFINITIONS = (
					"DEBUG=1",
					"$(inherited)",
				);
				GCC_WARN_64_TO_32_BIT_CONVERSION = YES;
				GCC_WARN_ABOUT_RETURN_TYPE = YES_ERROR;
				GCC_WARN_UNDECLARED_SELECTOR = YES;
				GCC_WARN_UNINITIALIZED_AUTOS = YES_AGGRESSIVE;
				GCC_WARN_UNUSED_FUNCTION = YES;
				GCC_WARN_UNUSED_VARIABLE = YES;
				IPHONEOS_DEPLOYMENT_TARGET = 12.2;
				MTL_ENABLE_DEBUG_INFO = INCLUDE_SOURCE;
				MTL_FAST_MATH = YES;
				ONLY_ACTIVE_ARCH = YES;
				SDKROOT = iphoneos;
				SWIFT_ACTIVE_COMPILATION_CONDITIONS = DEBUG;
				SWIFT_OPTIMIZATION_LEVEL = "-Onone";
			};
			name = Debug;
		};
		15DA871F22A9E5600053BB3D /* Release */ = {
			isa = XCBuildConfiguration;
			buildSettings = {
				ALWAYS_SEARCH_USER_PATHS = NO;
				CLANG_ANALYZER_NONNULL = YES;
				CLANG_ANALYZER_NUMBER_OBJECT_CONVERSION = YES_AGGRESSIVE;
				CLANG_CXX_LANGUAGE_STANDARD = "gnu++14";
				CLANG_CXX_LIBRARY = "libc++";
				CLANG_ENABLE_MODULES = YES;
				CLANG_ENABLE_OBJC_ARC = YES;
				CLANG_ENABLE_OBJC_WEAK = YES;
				CLANG_WARN_BLOCK_CAPTURE_AUTORELEASING = YES;
				CLANG_WARN_BOOL_CONVERSION = YES;
				CLANG_WARN_COMMA = YES;
				CLANG_WARN_CONSTANT_CONVERSION = YES;
				CLANG_WARN_DEPRECATED_OBJC_IMPLEMENTATIONS = YES;
				CLANG_WARN_DIRECT_OBJC_ISA_USAGE = YES_ERROR;
				CLANG_WARN_DOCUMENTATION_COMMENTS = YES;
				CLANG_WARN_EMPTY_BODY = YES;
				CLANG_WARN_ENUM_CONVERSION = YES;
				CLANG_WARN_INFINITE_RECURSION = YES;
				CLANG_WARN_INT_CONVERSION = YES;
				CLANG_WARN_NON_LITERAL_NULL_CONVERSION = YES;
				CLANG_WARN_OBJC_IMPLICIT_RETAIN_SELF = YES;
				CLANG_WARN_OBJC_LITERAL_CONVERSION = YES;
				CLANG_WARN_OBJC_ROOT_CLASS = YES_ERROR;
				CLANG_WARN_RANGE_LOOP_ANALYSIS = YES;
				CLANG_WARN_STRICT_PROTOTYPES = YES;
				CLANG_WARN_SUSPICIOUS_MOVE = YES;
				CLANG_WARN_UNGUARDED_AVAILABILITY = YES_AGGRESSIVE;
				CLANG_WARN_UNREACHABLE_CODE = YES;
				CLANG_WARN__DUPLICATE_METHOD_MATCH = YES;
				CODE_SIGN_IDENTITY = "iPhone Developer";
				COPY_PHASE_STRIP = NO;
				DEBUG_INFORMATION_FORMAT = "dwarf-with-dsym";
				ENABLE_NS_ASSERTIONS = NO;
				ENABLE_STRICT_OBJC_MSGSEND = YES;
				GCC_C_LANGUAGE_STANDARD = gnu11;
				GCC_NO_COMMON_BLOCKS = YES;
				GCC_WARN_64_TO_32_BIT_CONVERSION = YES;
				GCC_WARN_ABOUT_RETURN_TYPE = YES_ERROR;
				GCC_WARN_UNDECLARED_SELECTOR = YES;
				GCC_WARN_UNINITIALIZED_AUTOS = YES_AGGRESSIVE;
				GCC_WARN_UNUSED_FUNCTION = YES;
				GCC_WARN_UNUSED_VARIABLE = YES;
				IPHONEOS_DEPLOYMENT_TARGET = 12.2;
				MTL_ENABLE_DEBUG_INFO = NO;
				MTL_FAST_MATH = YES;
				SDKROOT = iphoneos;
				SWIFT_COMPILATION_MODE = wholemodule;
				SWIFT_OPTIMIZATION_LEVEL = "-O";
				VALIDATE_PRODUCT = YES;
			};
			name = Release;
		};
		15DA872122A9E5600053BB3D /* Debug */ = {
			isa = XCBuildConfiguration;
			buildSettings = {
				ASSETCATALOG_COMPILER_APPICON_NAME = AppIcon;
				CODE_SIGN_STYLE = Automatic;
				DEVELOPMENT_TEAM = 9BK85B8WY7;
				INFOPLIST_FILE = Location/Info.plist;
				IPHONEOS_DEPLOYMENT_TARGET = 10.2;
				LD_RUNPATH_SEARCH_PATHS = (
					"$(inherited)",
					"@executable_path/Frameworks",
				);
				PRODUCT_BUNDLE_IDENTIFIER = com.cooper.Location;
				PRODUCT_NAME = "$(TARGET_NAME)";
				SWIFT_VERSION = 5.0;
				TARGETED_DEVICE_FAMILY = "1,2";
			};
			name = Debug;
		};
		15DA872222A9E5600053BB3D /* Release */ = {
			isa = XCBuildConfiguration;
			buildSettings = {
				ASSETCATALOG_COMPILER_APPICON_NAME = AppIcon;
				CODE_SIGN_STYLE = Automatic;
				DEVELOPMENT_TEAM = 9BK85B8WY7;
				INFOPLIST_FILE = Location/Info.plist;
				IPHONEOS_DEPLOYMENT_TARGET = 10.2;
				LD_RUNPATH_SEARCH_PATHS = (
					"$(inherited)",
					"@executable_path/Frameworks",
				);
				PRODUCT_BUNDLE_IDENTIFIER = com.cooper.Location;
				PRODUCT_NAME = "$(TARGET_NAME)";
				SWIFT_VERSION = 5.0;
				TARGETED_DEVICE_FAMILY = "1,2";
			};
			name = Release;
		};
		15DA872422A9E5600053BB3D /* Debug */ = {
			isa = XCBuildConfiguration;
			buildSettings = {
				ALWAYS_EMBED_SWIFT_STANDARD_LIBRARIES = YES;
				BUNDLE_LOADER = "$(TEST_HOST)";
				CODE_SIGN_STYLE = Automatic;
				DEVELOPMENT_TEAM = 4BN7V65X8J;
				INFOPLIST_FILE = LocationTests/Info.plist;
				LD_RUNPATH_SEARCH_PATHS = (
					"$(inherited)",
					"@executable_path/Frameworks",
					"@loader_path/Frameworks",
				);
				PRODUCT_BUNDLE_IDENTIFIER = com.cooper.LocationTests;
				PRODUCT_NAME = "$(TARGET_NAME)";
				SWIFT_VERSION = 5.0;
				TARGETED_DEVICE_FAMILY = "1,2";
				TEST_HOST = "$(BUILT_PRODUCTS_DIR)/Location.app/Location";
			};
			name = Debug;
		};
		15DA872522A9E5600053BB3D /* Release */ = {
			isa = XCBuildConfiguration;
			buildSettings = {
				ALWAYS_EMBED_SWIFT_STANDARD_LIBRARIES = YES;
				BUNDLE_LOADER = "$(TEST_HOST)";
				CODE_SIGN_STYLE = Automatic;
				DEVELOPMENT_TEAM = 4BN7V65X8J;
				INFOPLIST_FILE = LocationTests/Info.plist;
				LD_RUNPATH_SEARCH_PATHS = (
					"$(inherited)",
					"@executable_path/Frameworks",
					"@loader_path/Frameworks",
				);
				PRODUCT_BUNDLE_IDENTIFIER = com.cooper.LocationTests;
				PRODUCT_NAME = "$(TARGET_NAME)";
				SWIFT_VERSION = 5.0;
				TARGETED_DEVICE_FAMILY = "1,2";
				TEST_HOST = "$(BUILT_PRODUCTS_DIR)/Location.app/Location";
			};
			name = Release;
		};
		15DA872722A9E5600053BB3D /* Debug */ = {
			isa = XCBuildConfiguration;
			buildSettings = {
				ALWAYS_EMBED_SWIFT_STANDARD_LIBRARIES = YES;
				CODE_SIGN_STYLE = Automatic;
				DEVELOPMENT_TEAM = 4BN7V65X8J;
				INFOPLIST_FILE = LocationUITests/Info.plist;
				LD_RUNPATH_SEARCH_PATHS = (
					"$(inherited)",
					"@executable_path/Frameworks",
					"@loader_path/Frameworks",
				);
				PRODUCT_BUNDLE_IDENTIFIER = com.cooper.LocationUITests;
				PRODUCT_NAME = "$(TARGET_NAME)";
				SWIFT_VERSION = 5.0;
				TARGETED_DEVICE_FAMILY = "1,2";
				TEST_TARGET_NAME = Location;
			};
			name = Debug;
		};
		15DA872822A9E5600053BB3D /* Release */ = {
			isa = XCBuildConfiguration;
			buildSettings = {
				ALWAYS_EMBED_SWIFT_STANDARD_LIBRARIES = YES;
				CODE_SIGN_STYLE = Automatic;
				DEVELOPMENT_TEAM = 4BN7V65X8J;
				INFOPLIST_FILE = LocationUITests/Info.plist;
				LD_RUNPATH_SEARCH_PATHS = (
					"$(inherited)",
					"@executable_path/Frameworks",
					"@loader_path/Frameworks",
				);
				PRODUCT_BUNDLE_IDENTIFIER = com.cooper.LocationUITests;
				PRODUCT_NAME = "$(TARGET_NAME)";
				SWIFT_VERSION = 5.0;
				TARGETED_DEVICE_FAMILY = "1,2";
				TEST_TARGET_NAME = Location;
			};
			name = Release;
		};
/* End XCBuildConfiguration section */

/* Begin XCConfigurationList section */
		15DA86F322A9E55C0053BB3D /* Build configuration list for PBXProject "Location" */ = {
			isa = XCConfigurationList;
			buildConfigurations = (
				15DA871E22A9E5600053BB3D /* Debug */,
				15DA871F22A9E5600053BB3D /* Release */,
			);
			defaultConfigurationIsVisible = 0;
			defaultConfigurationName = Release;
		};
		15DA872022A9E5600053BB3D /* Build configuration list for PBXNativeTarget "Location" */ = {
			isa = XCConfigurationList;
			buildConfigurations = (
				15DA872122A9E5600053BB3D /* Debug */,
				15DA872222A9E5600053BB3D /* Release */,
			);
			defaultConfigurationIsVisible = 0;
			defaultConfigurationName = Release;
		};
		15DA872322A9E5600053BB3D /* Build configuration list for PBXNativeTarget "LocationTests" */ = {
			isa = XCConfigurationList;
			buildConfigurations = (
				15DA872422A9E5600053BB3D /* Debug */,
				15DA872522A9E5600053BB3D /* Release */,
			);
			defaultConfigurationIsVisible = 0;
			defaultConfigurationName = Release;
		};
		15DA872622A9E5600053BB3D /* Build configuration list for PBXNativeTarget "LocationUITests" */ = {
			isa = XCConfigurationList;
			buildConfigurations = (
				15DA872722A9E5600053BB3D /* Debug */,
				15DA872822A9E5600053BB3D /* Release */,
			);
			defaultConfigurationIsVisible = 0;
			defaultConfigurationName = Release;
		};
/* End XCConfigurationList section */
	};
	rootObject = 15DA86F022A9E55C0053BB3D /* Project object */;
}
